
Microsoft Visual Studio Solution File, Format Version 11.00
# Visual Studio 2010
Project("{FAE04EC0-301F-11D3-BF4B-00C04F79EFBC}") = "Gamex86", "Assembly-CSharp.csproj", "{52BD4058-B2A5-9F68-A784-0C284B40F9BF}"
EndProject
Global
	GlobalSection(SolutionConfigurationPlatforms) = preSolution
		Debug|Any CPU = Debug|Any CPU
		Release|Any CPU = Release|Any CPU
	EndGlobalSection
	GlobalSection(ProjectConfigurationPlatforms) = postSolution
		{52BD4058-B2A5-9F68-A784-0C284B40F9BF}.Debug|Any CPU.ActiveCfg = Debug|Any CPU
		{52BD4058-B2A5-9F68-A784-0C284B40F9BF}.Debug|Any CPU.Build.0 = Debug|Any CPU
		{52BD4058-B2A5-9F68-A784-0C284B40F9BF}.Release|Any CPU.ActiveCfg = Release|Any CPU
		{52BD4058-B2A5-9F68-A784-0C284B40F9BF}.Release|Any CPU.Build.0 = Release|Any CPU
	EndGlobalSection
	GlobalSection(SolutionProperties) = preSolution
		HideSolutionNode = FALSE
	EndGlobalSection
	GlobalSection(MonoDevelopProperties) = preSolution
		StartupItem = Assembly-CSharp.csproj
	EndGlobalSection
EndGlobal
